
Microsoft Visual Studio Solution File, Format Version 12.00
# Visual Studio 15
VisualStudioVersion = 15.0.26228.9
MinimumVisualStudioVersion = 10.0.40219.1
Project("{FAE04EC0-301F-11D3-BF4B-00C04F79EFBC}") = "RUWP.DataAccess", "Repository_UnitOfWorkPattern\RUWP.DataAccess.csproj", "{96FBC668-CBA9-45F3-B30B-5E4A9C046D5C}"
EndProject
Project("{FAE04EC0-301F-11D3-BF4B-00C04F79EFBC}") = "RUWP.WebApp", "RUWP.WebApp\RUWP.WebApp.csproj", "{35640DC2-F226-4E0F-9422-B5785A5DAC76}"
EndProject
Project("{FAE04EC0-301F-11D3-BF4B-00C04F79EFBC}") = "RUWP.Tests", "RUWP.Tests\RUWP.Tests.csproj", "{88D923C5-73A6-4BD2-8FA2-E3F2F1A6C5E8}"
EndProject
Global
	GlobalSection(SolutionConfigurationPlatforms) = preSolution
		Debug|Any CPU = Debug|Any CPU
		Release|Any CPU = Release|Any CPU
	EndGlobalSection
	GlobalSection(ProjectConfigurationPlatforms) = postSolution
		{96FBC668-CBA9-45F3-B30B-5E4A9C046D5C}.Debug|Any CPU.ActiveCfg = Debug|Any CPU
		{96FBC668-CBA9-45F3-B30B-5E4A9C046D5C}.Debug|Any CPU.Build.0 = Debug|Any CPU
		{96FBC668-CBA9-45F3-B30B-5E4A9C046D5C}.Release|Any CPU.ActiveCfg = Release|Any CPU
		{96FBC668-CBA9-45F3-B30B-5E4A9C046D5C}.Release|Any CPU.Build.0 = Release|Any CPU
		{35640DC2-F226-4E0F-9422-B5785A5DAC76}.Debug|Any CPU.ActiveCfg = Debug|Any CPU
		{35640DC2-F226-4E0F-9422-B5785A5DAC76}.Debug|Any CPU.Build.0 = Debug|Any CPU
		{35640DC2-F226-4E0F-9422-B5785A5DAC76}.Release|Any CPU.ActiveCfg = Release|Any CPU
		{35640DC2-F226-4E0F-9422-B5785A5DAC76}.Release|Any CPU.Build.0 = Release|Any CPU
		{88D923C5-73A6-4BD2-8FA2-E3F2F1A6C5E8}.Debug|Any CPU.ActiveCfg = Debug|Any CPU
		{88D923C5-73A6-4BD2-8FA2-E3F2F1A6C5E8}.Debug|Any CPU.Build.0 = Debug|Any CPU
		{88D923C5-73A6-4BD2-8FA2-E3F2F1A6C5E8}.Release|Any CPU.ActiveCfg = Release|Any CPU
		{88D923C5-73A6-4BD2-8FA2-E3F2F1A6C5E8}.Release|Any CPU.Build.0 = Release|Any CPU
	EndGlobalSection
	GlobalSection(SolutionProperties) = preSolution
		HideSolutionNode = FALSE
	EndGlobalSection
EndGlobal
